
Microsoft Visual Studio Solution File, Format Version 12.00
# Visual Studio Version 16
VisualStudioVersion = 16.0.31321.278
MinimumVisualStudioVersion = 10.0.40219.1
Project("{FAE04EC0-301F-11D3-BF4B-00C04F79EFBC}") = "vanderBinckesBP", "vanderBinckesBP.csproj", "{72F2DC68-2206-4266-841C-34C04B1A7E92}"
EndProject
Global
	GlobalSection(SolutionConfigurationPlatforms) = preSolution
		Debug|Any CPU = Debug|Any CPU
		Release|Any CPU = Release|Any CPU
	EndGlobalSection
	GlobalSection(ProjectConfigurationPlatforms) = postSolution
		{72F2DC68-2206-4266-841C-34C04B1A7E92}.Debug|Any CPU.ActiveCfg = Debug|Any CPU
		{72F2DC68-2206-4266-841C-34C04B1A7E92}.Debug|Any CPU.Build.0 = Debug|Any CPU
		{72F2DC68-2206-4266-841C-34C04B1A7E92}.Release|Any CPU.ActiveCfg = Release|Any CPU
		{72F2DC68-2206-4266-841C-34C04B1A7E92}.Release|Any CPU.Build.0 = Release|Any CPU
	EndGlobalSection
	GlobalSection(SolutionProperties) = preSolution
		HideSolutionNode = FALSE
	EndGlobalSection
	GlobalSection(ExtensibilityGlobals) = postSolution
		SolutionGuid = {381E1DC9-CE7A-4696-AD6C-61BDB7492618}
	EndGlobalSection
EndGlobal
